
Microsoft Visual Studio Solution File, Format Version 12.00
# Visual Studio Version 17
VisualStudioVersion = 17.3.32922.545
MinimumVisualStudioVersion = 10.0.40219.1
Project("{8BC9CEB8-8B4A-11D0-8D11-00A0C91BC942}") = "SimleCode_function_srand()_rand()", "SimleCode_function_srand()_rand()\SimleCode_function_srand()_rand().vcxproj", "{AB304FA3-B6C6-4C86-B8A0-B611D19228EE}"
EndProject
Global
	GlobalSection(SolutionConfigurationPlatforms) = preSolution
		Debug|x64 = Debug|x64
		Debug|x86 = Debug|x86
		Release|x64 = Release|x64
		Release|x86 = Release|x86
	EndGlobalSection
	GlobalSection(ProjectConfigurationPlatforms) = postSolution
		{AB304FA3-B6C6-4C86-B8A0-B611D19228EE}.Debug|x64.ActiveCfg = Debug|x64
		{AB304FA3-B6C6-4C86-B8A0-B611D19228EE}.Debug|x64.Build.0 = Debug|x64
		{AB304FA3-B6C6-4C86-B8A0-B611D19228EE}.Debug|x86.ActiveCfg = Debug|Win32
		{AB304FA3-B6C6-4C86-B8A0-B611D19228EE}.Debug|x86.Build.0 = Debug|Win32
		{AB304FA3-B6C6-4C86-B8A0-B611D19228EE}.Release|x64.ActiveCfg = Release|x64
		{AB304FA3-B6C6-4C86-B8A0-B611D19228EE}.Release|x64.Build.0 = Release|x64
		{AB304FA3-B6C6-4C86-B8A0-B611D19228EE}.Release|x86.ActiveCfg = Release|Win32
		{AB304FA3-B6C6-4C86-B8A0-B611D19228EE}.Release|x86.Build.0 = Release|Win32
	EndGlobalSection
	GlobalSection(SolutionProperties) = preSolution
		HideSolutionNode = FALSE
	EndGlobalSection
	GlobalSection(ExtensibilityGlobals) = postSolution
		SolutionGuid = {63C17C5A-B64E-4599-BBA4-D0BE3C742E6A}
	EndGlobalSection
EndGlobal
